// !$*UTF8*$!
{
	archiveVersion = 1;
	classes = {
	};
	objectVersion = 56;
	objects = {

/* Begin PBXBuildFile section */
		5E039CDE2B819079008BA768 /* CurrencyFormatterTests.swift in Sources */ = {isa = PBXBuildFile; fileRef = 5E039CDD2B819079008BA768 /* CurrencyFormatterTests.swift */; };
		5E242A4E2B80B6D300986318 /* AccountSummaryCell.swift in Sources */ = {isa = PBXBuildFile; fileRef = 5E242A4D2B80B6D300986318 /* AccountSummaryCell.swift */; };
		5E315B032B7CB32C00AD82F9 /* UIViewController+Utils.swift in Sources */ = {isa = PBXBuildFile; fileRef = 5E315B022B7CB32C00AD82F9 /* UIViewController+Utils.swift */; };
		5E315B052B7CB44C00AD82F9 /* MainViewController.swift in Sources */ = {isa = PBXBuildFile; fileRef = 5E315B042B7CB44C00AD82F9 /* MainViewController.swift */; };
		5E315B082B7EC0F200AD82F9 /* AccountSummaryViewController.swift in Sources */ = {isa = PBXBuildFile; fileRef = 5E315B072B7EC0F200AD82F9 /* AccountSummaryViewController.swift */; };
		5E315B0A2B7EC37400AD82F9 /* AccountSummaryHeaderView.swift in Sources */ = {isa = PBXBuildFile; fileRef = 5E315B092B7EC37400AD82F9 /* AccountSummaryHeaderView.swift */; };
		5E315B0C2B7EC3A400AD82F9 /* AccountSummaryHeaderView.xib in Resources */ = {isa = PBXBuildFile; fileRef = 5E315B0B2B7EC3A400AD82F9 /* AccountSummaryHeaderView.xib */; };
		5E57C3022B80D60200E1E6E0 /* DecimalUtils.swift in Sources */ = {isa = PBXBuildFile; fileRef = 5E57C3012B80D60200E1E6E0 /* DecimalUtils.swift */; };
		5E57C3042B80D63900E1E6E0 /* CurrencyFormatter.swift in Sources */ = {isa = PBXBuildFile; fileRef = 5E57C3032B80D63900E1E6E0 /* CurrencyFormatter.swift */; };
		5E8874352B725EB7001146FE /* OnboardingContainerViewController.swift in Sources */ = {isa = PBXBuildFile; fileRef = 5E8874342B725EB7001146FE /* OnboardingContainerViewController.swift */; };
		5E8874372B726AF0001146FE /* OnboardingViewController.swift in Sources */ = {isa = PBXBuildFile; fileRef = 5E8874362B726AF0001146FE /* OnboardingViewController.swift */; };
		5E8874392B743982001146FE /* DummyViewController.swift in Sources */ = {isa = PBXBuildFile; fileRef = 5E8874382B743982001146FE /* DummyViewController.swift */; };
		5E88743C2B743F59001146FE /* LocalState.swift in Sources */ = {isa = PBXBuildFile; fileRef = 5E88743B2B743F59001146FE /* LocalState.swift */; };
		5EE3E0292B62FE9A003F8DB0 /* AppDelegate.swift in Sources */ = {isa = PBXBuildFile; fileRef = 5EE3E0282B62FE9A003F8DB0 /* AppDelegate.swift */; };
		5EE3E02D2B62FE9A003F8DB0 /* LoginViewController.swift in Sources */ = {isa = PBXBuildFile; fileRef = 5EE3E02C2B62FE9A003F8DB0 /* LoginViewController.swift */; };
		5EE3E0322B62FE9B003F8DB0 /* Assets.xcassets in Resources */ = {isa = PBXBuildFile; fileRef = 5EE3E0312B62FE9B003F8DB0 /* Assets.xcassets */; };
		5EE3E0352B62FE9B003F8DB0 /* LaunchScreen.storyboard in Resources */ = {isa = PBXBuildFile; fileRef = 5EE3E0332B62FE9B003F8DB0 /* LaunchScreen.storyboard */; };
		5EE3E03F2B6303E1003F8DB0 /* LoginView.swift in Sources */ = {isa = PBXBuildFile; fileRef = 5EE3E03E2B6303E1003F8DB0 /* LoginView.swift */; };
/* End PBXBuildFile section */

/* Begin PBXContainerItemProxy section */
		5E57C30D2B81863A00E1E6E0 /* PBXContainerItemProxy */ = {
			isa = PBXContainerItemProxy;
			containerPortal = 5EE3E01D2B62FE9A003F8DB0 /* Project object */;
			proxyType = 1;
			remoteGlobalIDString = 5EE3E0242B62FE9A003F8DB0;
			remoteInfo = MobileBankApp;
		};
/* End PBXContainerItemProxy section */

/* Begin PBXFileReference section */
		5E039CDD2B819079008BA768 /* CurrencyFormatterTests.swift */ = {isa = PBXFileReference; lastKnownFileType = sourcecode.swift; path = CurrencyFormatterTests.swift; sourceTree = "<group>"; };
		5E242A4D2B80B6D300986318 /* AccountSummaryCell.swift */ = {isa = PBXFileReference; lastKnownFileType = sourcecode.swift; path = AccountSummaryCell.swift; sourceTree = "<group>"; };
		5E315B022B7CB32C00AD82F9 /* UIViewController+Utils.swift */ = {isa = PBXFileReference; lastKnownFileType = sourcecode.swift; path = "UIViewController+Utils.swift"; sourceTree = "<group>"; };
		5E315B042B7CB44C00AD82F9 /* MainViewController.swift */ = {isa = PBXFileReference; lastKnownFileType = sourcecode.swift; path = MainViewController.swift; sourceTree = "<group>"; };
		5E315B072B7EC0F200AD82F9 /* AccountSummaryViewController.swift */ = {isa = PBXFileReference; lastKnownFileType = sourcecode.swift; path = AccountSummaryViewController.swift; sourceTree = "<group>"; };
		5E315B092B7EC37400AD82F9 /* AccountSummaryHeaderView.swift */ = {isa = PBXFileReference; lastKnownFileType = sourcecode.swift; path = AccountSummaryHeaderView.swift; sourceTree = "<group>"; };
		5E315B0B2B7EC3A400AD82F9 /* AccountSummaryHeaderView.xib */ = {isa = PBXFileReference; lastKnownFileType = file.xib; path = AccountSummaryHeaderView.xib; sourceTree = "<group>"; };
		5E57C3012B80D60200E1E6E0 /* DecimalUtils.swift */ = {isa = PBXFileReference; lastKnownFileType = sourcecode.swift; path = DecimalUtils.swift; sourceTree = "<group>"; };
		5E57C3032B80D63900E1E6E0 /* CurrencyFormatter.swift */ = {isa = PBXFileReference; lastKnownFileType = sourcecode.swift; path = CurrencyFormatter.swift; sourceTree = "<group>"; };
		5E57C3092B81863A00E1E6E0 /* MobileBankAppUnitTests.xctest */ = {isa = PBXFileReference; explicitFileType = wrapper.cfbundle; includeInIndex = 0; path = MobileBankAppUnitTests.xctest; sourceTree = BUILT_PRODUCTS_DIR; };
		5E8874342B725EB7001146FE /* OnboardingContainerViewController.swift */ = {isa = PBXFileReference; lastKnownFileType = sourcecode.swift; path = OnboardingContainerViewController.swift; sourceTree = "<group>"; };
		5E8874362B726AF0001146FE /* OnboardingViewController.swift */ = {isa = PBXFileReference; lastKnownFileType = sourcecode.swift; path = OnboardingViewController.swift; sourceTree = "<group>"; };
		5E8874382B743982001146FE /* DummyViewController.swift */ = {isa = PBXFileReference; lastKnownFileType = sourcecode.swift; path = DummyViewController.swift; sourceTree = "<group>"; };
		5E88743B2B743F59001146FE /* LocalState.swift */ = {isa = PBXFileReference; lastKnownFileType = sourcecode.swift; path = LocalState.swift; sourceTree = "<group>"; };
		5EE3E0252B62FE9A003F8DB0 /* MobileBankApp.app */ = {isa = PBXFileReference; explicitFileType = wrapper.application; includeInIndex = 0; path = MobileBankApp.app; sourceTree = BUILT_PRODUCTS_DIR; };
		5EE3E0282B62FE9A003F8DB0 /* AppDelegate.swift */ = {isa = PBXFileReference; lastKnownFileType = sourcecode.swift; path = AppDelegate.swift; sourceTree = "<group>"; };
		5EE3E02C2B62FE9A003F8DB0 /* LoginViewController.swift */ = {isa = PBXFileReference; lastKnownFileType = sourcecode.swift; path = LoginViewController.swift; sourceTree = "<group>"; };
		5EE3E0312B62FE9B003F8DB0 /* Assets.xcassets */ = {isa = PBXFileReference; lastKnownFileType = folder.assetcatalog; path = Assets.xcassets; sourceTree = "<group>"; };
		5EE3E0342B62FE9B003F8DB0 /* Base */ = {isa = PBXFileReference; lastKnownFileType = file.storyboard; name = Base; path = Base.lproj/LaunchScreen.storyboard; sourceTree = "<group>"; };
		5EE3E0362B62FE9B003F8DB0 /* Info.plist */ = {isa = PBXFileReference; lastKnownFileType = text.plist.xml; path = Info.plist; sourceTree = "<group>"; };
		5EE3E03E2B6303E1003F8DB0 /* LoginView.swift */ = {isa = PBXFileReference; lastKnownFileType = sourcecode.swift; path = LoginView.swift; sourceTree = "<group>"; };
/* End PBXFileReference section */

/* Begin PBXFrameworksBuildPhase section */
		5E57C3062B81863A00E1E6E0 /* Frameworks */ = {
			isa = PBXFrameworksBuildPhase;
			buildActionMask = 2147483647;
			files = (
			);
			runOnlyForDeploymentPostprocessing = 0;
		};
		5EE3E0222B62FE9A003F8DB0 /* Frameworks */ = {
			isa = PBXFrameworksBuildPhase;
			buildActionMask = 2147483647;
			files = (
			);
			runOnlyForDeploymentPostprocessing = 0;
		};
/* End PBXFrameworksBuildPhase section */

/* Begin PBXGroup section */
		5E24EA4F2B833AF30098F21E /* Login */ = {
			isa = PBXGroup;
			children = (
				5EE3E03E2B6303E1003F8DB0 /* LoginView.swift */,
				5EE3E02C2B62FE9A003F8DB0 /* LoginViewController.swift */,
				5E8874382B743982001146FE /* DummyViewController.swift */,
			);
			path = Login;
			sourceTree = "<group>";
		};
		5E24EA502B833B360098F21E /* Onboarding */ = {
			isa = PBXGroup;
			children = (
				5E8874342B725EB7001146FE /* OnboardingContainerViewController.swift */,
				5E8874362B726AF0001146FE /* OnboardingViewController.swift */,
			);
			path = Onboarding;
			sourceTree = "<group>";
		};
		5E24EA512B833B5A0098F21E /* AccountSummary */ = {
			isa = PBXGroup;
			children = (
				5E315B072B7EC0F200AD82F9 /* AccountSummaryViewController.swift */,
				5E24EA532B833BC40098F21E /* Header */,
				5E24EA542B833BE70098F21E /* Cells */,
			);
			path = AccountSummary;
			sourceTree = "<group>";
		};
		5E24EA532B833BC40098F21E /* Header */ = {
			isa = PBXGroup;
			children = (
				5E315B092B7EC37400AD82F9 /* AccountSummaryHeaderView.swift */,
				5E315B0B2B7EC3A400AD82F9 /* AccountSummaryHeaderView.xib */,
			);
			path = Header;
			sourceTree = "<group>";
		};
		5E24EA542B833BE70098F21E /* Cells */ = {
			isa = PBXGroup;
			children = (
				5E242A4D2B80B6D300986318 /* AccountSummaryCell.swift */,
			);
			path = Cells;
			sourceTree = "<group>";
		};
		5E24EA552B833C020098F21E /* Utils */ = {
			isa = PBXGroup;
			children = (
				5E88743B2B743F59001146FE /* LocalState.swift */,
				5E315B022B7CB32C00AD82F9 /* UIViewController+Utils.swift */,
				5E57C3012B80D60200E1E6E0 /* DecimalUtils.swift */,
				5E57C3032B80D63900E1E6E0 /* CurrencyFormatter.swift */,
			);
			path = Utils;
			sourceTree = "<group>";
		};
		5E24EA562B833C1F0098F21E /* Files */ = {
			isa = PBXGroup;
			children = (
				5EE3E0312B62FE9B003F8DB0 /* Assets.xcassets */,
				5EE3E0332B62FE9B003F8DB0 /* LaunchScreen.storyboard */,
			);
			path = Files;
			sourceTree = "<group>";
		};
		5E57C30A2B81863A00E1E6E0 /* MobileBankAppUnitTests */ = {
			isa = PBXGroup;
			children = (
				5E039CDD2B819079008BA768 /* CurrencyFormatterTests.swift */,
			);
			path = MobileBankAppUnitTests;
			sourceTree = "<group>";
		};
		5EE3E01C2B62FE9A003F8DB0 = {
			isa = PBXGroup;
			children = (
				5EE3E0272B62FE9A003F8DB0 /* MobileBankApp */,
				5E57C30A2B81863A00E1E6E0 /* MobileBankAppUnitTests */,
				5EE3E0262B62FE9A003F8DB0 /* Products */,
			);
			sourceTree = "<group>";
		};
		5EE3E0262B62FE9A003F8DB0 /* Products */ = {
			isa = PBXGroup;
			children = (
				5EE3E0252B62FE9A003F8DB0 /* MobileBankApp.app */,
				5E57C3092B81863A00E1E6E0 /* MobileBankAppUnitTests.xctest */,
			);
			name = Products;
			sourceTree = "<group>";
		};
		5EE3E0272B62FE9A003F8DB0 /* MobileBankApp */ = {
			isa = PBXGroup;
			children = (
				5EE3E0282B62FE9A003F8DB0 /* AppDelegate.swift */,
				5E315B042B7CB44C00AD82F9 /* MainViewController.swift */,
				5E24EA4F2B833AF30098F21E /* Login */,
				5E24EA502B833B360098F21E /* Onboarding */,
				5E24EA512B833B5A0098F21E /* AccountSummary */,
				5E24EA552B833C020098F21E /* Utils */,
				5E24EA562B833C1F0098F21E /* Files */,
				5EE3E0362B62FE9B003F8DB0 /* Info.plist */,
			);
			path = MobileBankApp;
			sourceTree = "<group>";
		};
/* End PBXGroup section */

/* Begin PBXNativeTarget section */
		5E57C3082B81863A00E1E6E0 /* MobileBankAppUnitTests */ = {
			isa = PBXNativeTarget;
			buildConfigurationList = 5E57C30F2B81863A00E1E6E0 /* Build configuration list for PBXNativeTarget "MobileBankAppUnitTests" */;
			buildPhases = (
				5E57C3052B81863A00E1E6E0 /* Sources */,
				5E57C3062B81863A00E1E6E0 /* Frameworks */,
				5E57C3072B81863A00E1E6E0 /* Resources */,
			);
			buildRules = (
			);
			dependencies = (
				5E57C30E2B81863A00E1E6E0 /* PBXTargetDependency */,
			);
			name = MobileBankAppUnitTests;
			productName = MobileBankAppUnitTests;
			productReference = 5E57C3092B81863A00E1E6E0 /* MobileBankAppUnitTests.xctest */;
			productType = "com.apple.product-type.bundle.unit-test";
		};
		5EE3E0242B62FE9A003F8DB0 /* MobileBankApp */ = {
			isa = PBXNativeTarget;
			buildConfigurationList = 5EE3E0392B62FE9B003F8DB0 /* Build configuration list for PBXNativeTarget "MobileBankApp" */;
			buildPhases = (
				5EE3E0212B62FE9A003F8DB0 /* Sources */,
				5EE3E0222B62FE9A003F8DB0 /* Frameworks */,
				5EE3E0232B62FE9A003F8DB0 /* Resources */,
			);
			buildRules = (
			);
			dependencies = (
			);
			name = MobileBankApp;
			productName = MobileBankApp;
			productReference = 5EE3E0252B62FE9A003F8DB0 /* MobileBankApp.app */;
			productType = "com.apple.product-type.application";
		};
/* End PBXNativeTarget section */

/* Begin PBXProject section */
		5EE3E01D2B62FE9A003F8DB0 /* Project object */ = {
			isa = PBXProject;
			attributes = {
				BuildIndependentTargetsInParallel = 1;
				LastSwiftUpdateCheck = 1520;
				LastUpgradeCheck = 1520;
				TargetAttributes = {
					5E57C3082B81863A00E1E6E0 = {
						CreatedOnToolsVersion = 15.2;
						LastSwiftMigration = 1520;
						TestTargetID = 5EE3E0242B62FE9A003F8DB0;
					};
					5EE3E0242B62FE9A003F8DB0 = {
						CreatedOnToolsVersion = 15.2;
					};
				};
			};
			buildConfigurationList = 5EE3E0202B62FE9A003F8DB0 /* Build configuration list for PBXProject "MobileBankApp" */;
			compatibilityVersion = "Xcode 14.0";
			developmentRegion = en;
			hasScannedForEncodings = 0;
			knownRegions = (
				en,
				Base,
			);
			mainGroup = 5EE3E01C2B62FE9A003F8DB0;
			productRefGroup = 5EE3E0262B62FE9A003F8DB0 /* Products */;
			projectDirPath = "";
			projectRoot = "";
			targets = (
				5EE3E0242B62FE9A003F8DB0 /* MobileBankApp */,
				5E57C3082B81863A00E1E6E0 /* MobileBankAppUnitTests */,
			);
		};
/* End PBXProject section */

/* Begin PBXResourcesBuildPhase section */
		5E57C3072B81863A00E1E6E0 /* Resources */ = {
			isa = PBXResourcesBuildPhase;
			buildActionMask = 2147483647;
			files = (
			);
			runOnlyForDeploymentPostprocessing = 0;
		};
		5EE3E0232B62FE9A003F8DB0 /* Resources */ = {
			isa = PBXResourcesBuildPhase;
			buildActionMask = 2147483647;
			files = (
				5E315B0C2B7EC3A400AD82F9 /* AccountSummaryHeaderView.xib in Resources */,
				5EE3E0352B62FE9B003F8DB0 /* LaunchScreen.storyboard in Resources */,
				5EE3E0322B62FE9B003F8DB0 /* Assets.xcassets in Resources */,
			);
			runOnlyForDeploymentPostprocessing = 0;
		};
/* End PBXResourcesBuildPhase section */

/* Begin PBXSourcesBuildPhase section */
		5E57C3052B81863A00E1E6E0 /* Sources */ = {
			isa = PBXSourcesBuildPhase;
			buildActionMask = 2147483647;
			files = (
				5E039CDE2B819079008BA768 /* CurrencyFormatterTests.swift in Sources */,
			);
			runOnlyForDeploymentPostprocessing = 0;
		};
		5EE3E0212B62FE9A003F8DB0 /* Sources */ = {
			isa = PBXSourcesBuildPhase;
			buildActionMask = 2147483647;
			files = (
				5E315B032B7CB32C00AD82F9 /* UIViewController+Utils.swift in Sources */,
				5EE3E03F2B6303E1003F8DB0 /* LoginView.swift in Sources */,
				5E88743C2B743F59001146FE /* LocalState.swift in Sources */,
				5E315B0A2B7EC37400AD82F9 /* AccountSummaryHeaderView.swift in Sources */,
				5E8874392B743982001146FE /* DummyViewController.swift in Sources */,
				5E57C3042B80D63900E1E6E0 /* CurrencyFormatter.swift in Sources */,
				5E57C3022B80D60200E1E6E0 /* DecimalUtils.swift in Sources */,
				5EE3E02D2B62FE9A003F8DB0 /* LoginViewController.swift in Sources */,
				5E242A4E2B80B6D300986318 /* AccountSummaryCell.swift in Sources */,
				5E8874372B726AF0001146FE /* OnboardingViewController.swift in Sources */,
				5E315B052B7CB44C00AD82F9 /* MainViewController.swift in Sources */,
				5E315B082B7EC0F200AD82F9 /* AccountSummaryViewController.swift in Sources */,
				5E8874352B725EB7001146FE /* OnboardingContainerViewController.swift in Sources */,
				5EE3E0292B62FE9A003F8DB0 /* AppDelegate.swift in Sources */,
			);
			runOnlyForDeploymentPostprocessing = 0;
		};
/* End PBXSourcesBuildPhase section */

/* Begin PBXTargetDependency section */
		5E57C30E2B81863A00E1E6E0 /* PBXTargetDependency */ = {
			isa = PBXTargetDependency;
			target = 5EE3E0242B62FE9A003F8DB0 /* MobileBankApp */;
			targetProxy = 5E57C30D2B81863A00E1E6E0 /* PBXContainerItemProxy */;
		};
/* End PBXTargetDependency section */

/* Begin PBXVariantGroup section */
		5EE3E0332B62FE9B003F8DB0 /* LaunchScreen.storyboard */ = {
			isa = PBXVariantGroup;
			children = (
				5EE3E0342B62FE9B003F8DB0 /* Base */,
			);
			name = LaunchScreen.storyboard;
			sourceTree = "<group>";
		};
/* End PBXVariantGroup section */

/* Begin XCBuildConfiguration section */
		5E57C3102B81863A00E1E6E0 /* Debug */ = {
			isa = XCBuildConfiguration;
			buildSettings = {
				BUNDLE_LOADER = "$(TEST_HOST)";
				CLANG_ENABLE_MODULES = YES;
				CODE_SIGN_STYLE = Automatic;
				CURRENT_PROJECT_VERSION = 1;
				DEVELOPMENT_TEAM = 5H4L2XMW7V;
				GENERATE_INFOPLIST_FILE = YES;
				MARKETING_VERSION = 1.0;
				PRODUCT_BUNDLE_IDENTIFIER = com.kuba.MobileBankAppUnitTests;
				PRODUCT_NAME = "$(TARGET_NAME)";
				SWIFT_EMIT_LOC_STRINGS = NO;
				SWIFT_OPTIMIZATION_LEVEL = "-Onone";
				SWIFT_VERSION = 5.0;
				TARGETED_DEVICE_FAMILY = "1,2";
				TEST_HOST = "$(BUILT_PRODUCTS_DIR)/MobileBankApp.app/$(BUNDLE_EXECUTABLE_FOLDER_PATH)/MobileBankApp";
			};
			name = Debug;
		};
		5E57C3112B81863A00E1E6E0 /* Release */ = {
			isa = XCBuildConfiguration;
			buildSettings = {
				BUNDLE_LOADER = "$(TEST_HOST)";
				CLANG_ENABLE_MODULES = YES;
				CODE_SIGN_STYLE = Automatic;
				CURRENT_PROJECT_VERSION = 1;
				DEVELOPMENT_TEAM = 5H4L2XMW7V;
				GENERATE_INFOPLIST_FILE = YES;
				MARKETING_VERSION = 1.0;
				PRODUCT_BUNDLE_IDENTIFIER = com.kuba.MobileBankAppUnitTests;
				PRODUCT_NAME = "$(TARGET_NAME)";
				SWIFT_EMIT_LOC_STRINGS = NO;
				SWIFT_VERSION = 5.0;
				TARGETED_DEVICE_FAMILY = "1,2";
				TEST_HOST = "$(BUILT_PRODUCTS_DIR)/MobileBankApp.app/$(BUNDLE_EXECUTABLE_FOLDER_PATH)/MobileBankApp";
			};
			name = Release;
		};
		5EE3E0372B62FE9B003F8DB0 /* Debug */ = {
			isa = XCBuildConfiguration;
			buildSettings = {
				ALWAYS_SEARCH_USER_PATHS = NO;
				ASSETCATALOG_COMPILER_GENERATE_SWIFT_ASSET_SYMBOL_EXTENSIONS = YES;
				CLANG_ANALYZER_NONNULL = YES;
				CLANG_ANALYZER_NUMBER_OBJECT_CONVERSION = YES_AGGRESSIVE;
				CLANG_CXX_LANGUAGE_STANDARD = "gnu++20";
				CLANG_ENABLE_MODULES = YES;
				CLANG_ENABLE_OBJC_ARC = YES;
				CLANG_ENABLE_OBJC_WEAK = YES;
				CLANG_WARN_BLOCK_CAPTURE_AUTORELEASING = YES;
				CLANG_WARN_BOOL_CONVERSION = YES;
				CLANG_WARN_COMMA = YES;
				CLANG_WARN_CONSTANT_CONVERSION = YES;
				CLANG_WARN_DEPRECATED_OBJC_IMPLEMENTATIONS = YES;
				CLANG_WARN_DIRECT_OBJC_ISA_USAGE = YES_ERROR;
				CLANG_WARN_DOCUMENTATION_COMMENTS = YES;
				CLANG_WARN_EMPTY_BODY = YES;
				CLANG_WARN_ENUM_CONVERSION = YES;
				CLANG_WARN_INFINITE_RECURSION = YES;
				CLANG_WARN_INT_CONVERSION = YES;
				CLANG_WARN_NON_LITERAL_NULL_CONVERSION = YES;
				CLANG_WARN_OBJC_IMPLICIT_RETAIN_SELF = YES;
				CLANG_WARN_OBJC_LITERAL_CONVERSION = YES;
				CLANG_WARN_OBJC_ROOT_CLASS = YES_ERROR;
				CLANG_WARN_QUOTED_INCLUDE_IN_FRAMEWORK_HEADER = YES;
				CLANG_WARN_RANGE_LOOP_ANALYSIS = YES;
				CLANG_WARN_STRICT_PROTOTYPES = YES;
				CLANG_WARN_SUSPICIOUS_MOVE = YES;
				CLANG_WARN_UNGUARDED_AVAILABILITY = YES_AGGRESSIVE;
				CLANG_WARN_UNREACHABLE_CODE = YES;
				CLANG_WARN__DUPLICATE_METHOD_MATCH = YES;
				COPY_PHASE_STRIP = NO;
				DEBUG_INFORMATION_FORMAT = dwarf;
				ENABLE_STRICT_OBJC_MSGSEND = YES;
				ENABLE_TESTABILITY = YES;
				ENABLE_USER_SCRIPT_SANDBOXING = YES;
				GCC_C_LANGUAGE_STANDARD = gnu17;
				GCC_DYNAMIC_NO_PIC = NO;
				GCC_NO_COMMON_BLOCKS = YES;
				GCC_OPTIMIZATION_LEVEL = 0;
				GCC_PREPROCESSOR_DEFINITIONS = (
					"DEBUG=1",
					"$(inherited)",
				);
				GCC_WARN_64_TO_32_BIT_CONVERSION = YES;
				GCC_WARN_ABOUT_RETURN_TYPE = YES_ERROR;
				GCC_WARN_UNDECLARED_SELECTOR = YES;
				GCC_WARN_UNINITIALIZED_AUTOS = YES_AGGRESSIVE;
				GCC_WARN_UNUSED_FUNCTION = YES;
				GCC_WARN_UNUSED_VARIABLE = YES;
				IPHONEOS_DEPLOYMENT_TARGET = 17.2;
				LOCALIZATION_PREFERS_STRING_CATALOGS = YES;
				MTL_ENABLE_DEBUG_INFO = INCLUDE_SOURCE;
				MTL_FAST_MATH = YES;
				ONLY_ACTIVE_ARCH = YES;
				SDKROOT = iphoneos;
				SWIFT_ACTIVE_COMPILATION_CONDITIONS = "DEBUG $(inherited)";
				SWIFT_OPTIMIZATION_LEVEL = "-Onone";
			};
			name = Debug;
		};
		5EE3E0382B62FE9B003F8DB0 /* Release */ = {
			isa = XCBuildConfiguration;
			buildSettings = {
				ALWAYS_SEARCH_USER_PATHS = NO;
				ASSETCATALOG_COMPILER_GENERATE_SWIFT_ASSET_SYMBOL_EXTENSIONS = YES;
				CLANG_ANALYZER_NONNULL = YES;
				CLANG_ANALYZER_NUMBER_OBJECT_CONVERSION = YES_AGGRESSIVE;
				CLANG_CXX_LANGUAGE_STANDARD = "gnu++20";
				CLANG_ENABLE_MODULES = YES;
				CLANG_ENABLE_OBJC_ARC = YES;
				CLANG_ENABLE_OBJC_WEAK = YES;
				CLANG_WARN_BLOCK_CAPTURE_AUTORELEASING = YES;
				CLANG_WARN_BOOL_CONVERSION = YES;
				CLANG_WARN_COMMA = YES;
				CLANG_WARN_CONSTANT_CONVERSION = YES;
				CLANG_WARN_DEPRECATED_OBJC_IMPLEMENTATIONS = YES;
				CLANG_WARN_DIRECT_OBJC_ISA_USAGE = YES_ERROR;
				CLANG_WARN_DOCUMENTATION_COMMENTS = YES;
				CLANG_WARN_EMPTY_BODY = YES;
				CLANG_WARN_ENUM_CONVERSION = YES;
				CLANG_WARN_INFINITE_RECURSION = YES;
				CLANG_WARN_INT_CONVERSION = YES;
				CLANG_WARN_NON_LITERAL_NULL_CONVERSION = YES;
				CLANG_WARN_OBJC_IMPLICIT_RETAIN_SELF = YES;
				CLANG_WARN_OBJC_LITERAL_CONVERSION = YES;
				CLANG_WARN_OBJC_ROOT_CLASS = YES_ERROR;
				CLANG_WARN_QUOTED_INCLUDE_IN_FRAMEWORK_HEADER = YES;
				CLANG_WARN_RANGE_LOOP_ANALYSIS = YES;
				CLANG_WARN_STRICT_PROTOTYPES = YES;
				CLANG_WARN_SUSPICIOUS_MOVE = YES;
				CLANG_WARN_UNGUARDED_AVAILABILITY = YES_AGGRESSIVE;
				CLANG_WARN_UNREACHABLE_CODE = YES;
				CLANG_WARN__DUPLICATE_METHOD_MATCH = YES;
				COPY_PHASE_STRIP = NO;
				DEBUG_INFORMATION_FORMAT = "dwarf-with-dsym";
				ENABLE_NS_ASSERTIONS = NO;
				ENABLE_STRICT_OBJC_MSGSEND = YES;
				ENABLE_USER_SCRIPT_SANDBOXING = YES;
				GCC_C_LANGUAGE_STANDARD = gnu17;
				GCC_NO_COMMON_BLOCKS = YES;
				GCC_WARN_64_TO_32_BIT_CONVERSION = YES;
				GCC_WARN_ABOUT_RETURN_TYPE = YES_ERROR;
				GCC_WARN_UNDECLARED_SELECTOR = YES;
				GCC_WARN_UNINITIALIZED_AUTOS = YES_AGGRESSIVE;
				GCC_WARN_UNUSED_FUNCTION = YES;
				GCC_WARN_UNUSED_VARIABLE = YES;
				IPHONEOS_DEPLOYMENT_TARGET = 17.2;
				LOCALIZATION_PREFERS_STRING_CATALOGS = YES;
				MTL_ENABLE_DEBUG_INFO = NO;
				MTL_FAST_MATH = YES;
				SDKROOT = iphoneos;
				SWIFT_COMPILATION_MODE = wholemodule;
				VALIDATE_PRODUCT = YES;
			};
			name = Release;
		};
		5EE3E03A2B62FE9B003F8DB0 /* Debug */ = {
			isa = XCBuildConfiguration;
			buildSettings = {
				ASSETCATALOG_COMPILER_APPICON_NAME = AppIcon;
				ASSETCATALOG_COMPILER_GLOBAL_ACCENT_COLOR_NAME = AccentColor;
				CODE_SIGN_STYLE = Automatic;
				CURRENT_PROJECT_VERSION = 1;
				DEVELOPMENT_TEAM = 5H4L2XMW7V;
				GENERATE_INFOPLIST_FILE = YES;
				INFOPLIST_FILE = MobileBankApp/Info.plist;
				INFOPLIST_KEY_UIApplicationSupportsIndirectInputEvents = YES;
				INFOPLIST_KEY_UILaunchStoryboardName = LaunchScreen;
				INFOPLIST_KEY_UISupportedInterfaceOrientations_iPad = "UIInterfaceOrientationPortrait UIInterfaceOrientationPortraitUpsideDown UIInterfaceOrientationLandscapeLeft UIInterfaceOrientationLandscapeRight";
				INFOPLIST_KEY_UISupportedInterfaceOrientations_iPhone = "UIInterfaceOrientationPortrait UIInterfaceOrientationLandscapeLeft UIInterfaceOrientationLandscapeRight";
				LD_RUNPATH_SEARCH_PATHS = (
					"$(inherited)",
					"@executable_path/Frameworks",
				);
				MARKETING_VERSION = 1.0;
				PRODUCT_BUNDLE_IDENTIFIER = com.kuba.MobileBankApp;
				PRODUCT_NAME = "$(TARGET_NAME)";
				SWIFT_EMIT_LOC_STRINGS = YES;
				SWIFT_VERSION = 5.0;
				TARGETED_DEVICE_FAMILY = "1,2";
			};
			name = Debug;
		};
		5EE3E03B2B62FE9B003F8DB0 /* Release */ = {
			isa = XCBuildConfiguration;
			buildSettings = {
				ASSETCATALOG_COMPILER_APPICON_NAME = AppIcon;
				ASSETCATALOG_COMPILER_GLOBAL_ACCENT_COLOR_NAME = AccentColor;
				CODE_SIGN_STYLE = Automatic;
				CURRENT_PROJECT_VERSION = 1;
				DEVELOPMENT_TEAM = 5H4L2XMW7V;
				GENERATE_INFOPLIST_FILE = YES;
				INFOPLIST_FILE = MobileBankApp/Info.plist;
				INFOPLIST_KEY_UIApplicationSupportsIndirectInputEvents = YES;
				INFOPLIST_KEY_UILaunchStoryboardName = LaunchScreen;
				INFOPLIST_KEY_UISupportedInterfaceOrientations_iPad = "UIInterfaceOrientationPortrait UIInterfaceOrientationPortraitUpsideDown UIInterfaceOrientationLandscapeLeft UIInterfaceOrientationLandscapeRight";
				INFOPLIST_KEY_UISupportedInterfaceOrientations_iPhone = "UIInterfaceOrientationPortrait UIInterfaceOrientationLandscapeLeft UIInterfaceOrientationLandscapeRight";
				LD_RUNPATH_SEARCH_PATHS = (
					"$(inherited)",
					"@executable_path/Frameworks",
				);
				MARKETING_VERSION = 1.0;
				PRODUCT_BUNDLE_IDENTIFIER = com.kuba.MobileBankApp;
				PRODUCT_NAME = "$(TARGET_NAME)";
				SWIFT_EMIT_LOC_STRINGS = YES;
				SWIFT_VERSION = 5.0;
				TARGETED_DEVICE_FAMILY = "1,2";
			};
			name = Release;
		};
/* End XCBuildConfiguration section */

/* Begin XCConfigurationList section */
		5E57C30F2B81863A00E1E6E0 /* Build configuration list for PBXNativeTarget "MobileBankAppUnitTests" */ = {
			isa = XCConfigurationList;
			buildConfigurations = (
				5E57C3102B81863A00E1E6E0 /* Debug */,
				5E57C3112B81863A00E1E6E0 /* Release */,
			);
			defaultConfigurationIsVisible = 0;
			defaultConfigurationName = Release;
		};
		5EE3E0202B62FE9A003F8DB0 /* Build configuration list for PBXProject "MobileBankApp" */ = {
			isa = XCConfigurationList;
			buildConfigurations = (
				5EE3E0372B62FE9B003F8DB0 /* Debug */,
				5EE3E0382B62FE9B003F8DB0 /* Release */,
			);
			defaultConfigurationIsVisible = 0;
			defaultConfigurationName = Release;
		};
		5EE3E0392B62FE9B003F8DB0 /* Build configuration list for PBXNativeTarget "MobileBankApp" */ = {
			isa = XCConfigurationList;
			buildConfigurations = (
				5EE3E03A2B62FE9B003F8DB0 /* Debug */,
				5EE3E03B2B62FE9B003F8DB0 /* Release */,
			);
			defaultConfigurationIsVisible = 0;
			defaultConfigurationName = Release;
		};
/* End XCConfigurationList section */
	};
	rootObject = 5EE3E01D2B62FE9A003F8DB0 /* Project object */;
}
